
Microsoft Visual Studio Solution File, Format Version 12.00
# Visual Studio Version 17
VisualStudioVersion = 17.11.35327.3
MinimumVisualStudioVersion = 10.0.40219.1
Project("{FAE04EC0-301F-11D3-BF4B-00C04F79EFBC}") = "TennosProducts.WebApi", "TennosProducts.WebApi\TennosProducts.WebApi.csproj", "{91E9DBE9-BE63-4720-BBEC-E7C6ADE5629E}"
EndProject
Project("{FAE04EC0-301F-11D3-BF4B-00C04F79EFBC}") = "TennosProducts.Core", "TennosProducts.Core\TennosProducts.Core.csproj", "{423C406F-CA8E-42FA-9E81-CF55096309D0}"
EndProject
Project("{FAE04EC0-301F-11D3-BF4B-00C04F79EFBC}") = "TennosProducts.BusinessLogic", "TennosProducts.BusinessLogic\TennosProducts.BusinessLogic.csproj", "{DC6B37CB-9990-429C-9990-1C61E490C01D}"
EndProject
Global
	GlobalSection(SolutionConfigurationPlatforms) = preSolution
		Debug|Any CPU = Debug|Any CPU
		Release|Any CPU = Release|Any CPU
	EndGlobalSection
	GlobalSection(ProjectConfigurationPlatforms) = postSolution
		{91E9DBE9-BE63-4720-BBEC-E7C6ADE5629E}.Debug|Any CPU.ActiveCfg = Debug|Any CPU
		{91E9DBE9-BE63-4720-BBEC-E7C6ADE5629E}.Debug|Any CPU.Build.0 = Debug|Any CPU
		{91E9DBE9-BE63-4720-BBEC-E7C6ADE5629E}.Release|Any CPU.ActiveCfg = Release|Any CPU
		{91E9DBE9-BE63-4720-BBEC-E7C6ADE5629E}.Release|Any CPU.Build.0 = Release|Any CPU
		{423C406F-CA8E-42FA-9E81-CF55096309D0}.Debug|Any CPU.ActiveCfg = Debug|Any CPU
		{423C406F-CA8E-42FA-9E81-CF55096309D0}.Debug|Any CPU.Build.0 = Debug|Any CPU
		{423C406F-CA8E-42FA-9E81-CF55096309D0}.Release|Any CPU.ActiveCfg = Release|Any CPU
		{423C406F-CA8E-42FA-9E81-CF55096309D0}.Release|Any CPU.Build.0 = Release|Any CPU
		{DC6B37CB-9990-429C-9990-1C61E490C01D}.Debug|Any CPU.ActiveCfg = Debug|Any CPU
		{DC6B37CB-9990-429C-9990-1C61E490C01D}.Debug|Any CPU.Build.0 = Debug|Any CPU
		{DC6B37CB-9990-429C-9990-1C61E490C01D}.Release|Any CPU.ActiveCfg = Release|Any CPU
		{DC6B37CB-9990-429C-9990-1C61E490C01D}.Release|Any CPU.Build.0 = Release|Any CPU
	EndGlobalSection
	GlobalSection(SolutionProperties) = preSolution
		HideSolutionNode = FALSE
	EndGlobalSection
	GlobalSection(ExtensibilityGlobals) = postSolution
		SolutionGuid = {B8FB247F-9297-433C-AF6A-3D9386CF094C}
	EndGlobalSection
EndGlobal
